
Microsoft Visual Studio Solution File, Format Version 12.00
# Visual Studio 15
VisualStudioVersion = 15.0.26124.0
MinimumVisualStudioVersion = 15.0.26124.0
Project("{9A19103F-16F7-4668-BE54-9A1E7A4F7556}") = "Xalami.Core", "Xalami.Core\Xalami.Core.csproj", "{87FEC3B8-294A-4CD2-A1D8-1C39AF4B477C}"
EndProject
Project("{FAE04EC0-301F-11D3-BF4B-00C04F79EFBC}") = "Xalami.Droid", "Xalami.Droid\Xalami.Droid.csproj", "{FEEF7EDD-5179-4FD0-85AB-DF5DC112C5C6}"
EndProject
Project("{FAE04EC0-301F-11D3-BF4B-00C04F79EFBC}") = "Xalami.iOS", "Xalami.iOS\Xalami.iOS.csproj", "{91141199-A2C0-4CA8-B4C4-45648C294420}"
EndProject
Project("{FAE04EC0-301F-11D3-BF4B-00C04F79EFBC}") = "Xalami.UWP", "Xalami.UWP\Xalami.UWP.csproj", "{6FE54C99-8F69-4184-BA9B-797E8196471A}"
EndProject
Global
	GlobalSection(SolutionConfigurationPlatforms) = preSolution
		Ad-Hoc|Any CPU = Ad-Hoc|Any CPU
		Ad-Hoc|ARM = Ad-Hoc|ARM
		Ad-Hoc|iPhone = Ad-Hoc|iPhone
		Ad-Hoc|iPhoneSimulator = Ad-Hoc|iPhoneSimulator
		Ad-Hoc|x64 = Ad-Hoc|x64
		Ad-Hoc|x86 = Ad-Hoc|x86
		AppStore|Any CPU = AppStore|Any CPU
		AppStore|ARM = AppStore|ARM
		AppStore|iPhone = AppStore|iPhone
		AppStore|iPhoneSimulator = AppStore|iPhoneSimulator
		AppStore|x64 = AppStore|x64
		AppStore|x86 = AppStore|x86
		Debug|Any CPU = Debug|Any CPU
		Debug|ARM = Debug|ARM
		Debug|iPhone = Debug|iPhone
		Debug|iPhoneSimulator = Debug|iPhoneSimulator
		Debug|x64 = Debug|x64
		Debug|x86 = Debug|x86
		Release|Any CPU = Release|Any CPU
		Release|ARM = Release|ARM
		Release|iPhone = Release|iPhone
		Release|iPhoneSimulator = Release|iPhoneSimulator
		Release|x64 = Release|x64
		Release|x86 = Release|x86
	EndGlobalSection
	GlobalSection(ProjectConfigurationPlatforms) = postSolution
		{87FEC3B8-294A-4CD2-A1D8-1C39AF4B477C}.Ad-Hoc|Any CPU.ActiveCfg = Debug|Any CPU
		{87FEC3B8-294A-4CD2-A1D8-1C39AF4B477C}.Ad-Hoc|Any CPU.Build.0 = Debug|Any CPU
		{87FEC3B8-294A-4CD2-A1D8-1C39AF4B477C}.Ad-Hoc|ARM.ActiveCfg = Debug|Any CPU
		{87FEC3B8-294A-4CD2-A1D8-1C39AF4B477C}.Ad-Hoc|ARM.Build.0 = Debug|Any CPU
		{87FEC3B8-294A-4CD2-A1D8-1C39AF4B477C}.Ad-Hoc|iPhone.ActiveCfg = Debug|Any CPU
		{87FEC3B8-294A-4CD2-A1D8-1C39AF4B477C}.Ad-Hoc|iPhone.Build.0 = Debug|Any CPU
		{87FEC3B8-294A-4CD2-A1D8-1C39AF4B477C}.Ad-Hoc|iPhoneSimulator.ActiveCfg = Debug|Any CPU
		{87FEC3B8-294A-4CD2-A1D8-1C39AF4B477C}.Ad-Hoc|iPhoneSimulator.Build.0 = Debug|Any CPU
		{87FEC3B8-294A-4CD2-A1D8-1C39AF4B477C}.Ad-Hoc|x64.ActiveCfg = Debug|Any CPU
		{87FEC3B8-294A-4CD2-A1D8-1C39AF4B477C}.Ad-Hoc|x64.Build.0 = Debug|Any CPU
		{87FEC3B8-294A-4CD2-A1D8-1C39AF4B477C}.Ad-Hoc|x86.ActiveCfg = Debug|Any CPU
		{87FEC3B8-294A-4CD2-A1D8-1C39AF4B477C}.Ad-Hoc|x86.Build.0 = Debug|Any CPU
		{87FEC3B8-294A-4CD2-A1D8-1C39AF4B477C}.AppStore|Any CPU.ActiveCfg = Debug|Any CPU
		{87FEC3B8-294A-4CD2-A1D8-1C39AF4B477C}.AppStore|Any CPU.Build.0 = Debug|Any CPU
		{87FEC3B8-294A-4CD2-A1D8-1C39AF4B477C}.AppStore|ARM.ActiveCfg = Debug|Any CPU
		{87FEC3B8-294A-4CD2-A1D8-1C39AF4B477C}.AppStore|ARM.Build.0 = Debug|Any CPU
		{87FEC3B8-294A-4CD2-A1D8-1C39AF4B477C}.AppStore|iPhone.ActiveCfg = Debug|Any CPU
		{87FEC3B8-294A-4CD2-A1D8-1C39AF4B477C}.AppStore|iPhone.Build.0 = Debug|Any CPU
		{87FEC3B8-294A-4CD2-A1D8-1C39AF4B477C}.AppStore|iPhoneSimulator.ActiveCfg = Debug|Any CPU
		{87FEC3B8-294A-4CD2-A1D8-1C39AF4B477C}.AppStore|iPhoneSimulator.Build.0 = Debug|Any CPU
		{87FEC3B8-294A-4CD2-A1D8-1C39AF4B477C}.AppStore|x64.ActiveCfg = Debug|Any CPU
		{87FEC3B8-294A-4CD2-A1D8-1C39AF4B477C}.AppStore|x64.Build.0 = Debug|Any CPU
		{87FEC3B8-294A-4CD2-A1D8-1C39AF4B477C}.AppStore|x86.ActiveCfg = Debug|Any CPU
		{87FEC3B8-294A-4CD2-A1D8-1C39AF4B477C}.AppStore|x86.Build.0 = Debug|Any CPU
		{87FEC3B8-294A-4CD2-A1D8-1C39AF4B477C}.Debug|Any CPU.ActiveCfg = Debug|Any CPU
		{87FEC3B8-294A-4CD2-A1D8-1C39AF4B477C}.Debug|Any CPU.Build.0 = Debug|Any CPU
		{87FEC3B8-294A-4CD2-A1D8-1C39AF4B477C}.Debug|ARM.ActiveCfg = Debug|Any CPU
		{87FEC3B8-294A-4CD2-A1D8-1C39AF4B477C}.Debug|ARM.Build.0 = Debug|Any CPU
		{87FEC3B8-294A-4CD2-A1D8-1C39AF4B477C}.Debug|iPhone.ActiveCfg = Debug|Any CPU
		{87FEC3B8-294A-4CD2-A1D8-1C39AF4B477C}.Debug|iPhone.Build.0 = Debug|Any CPU
		{87FEC3B8-294A-4CD2-A1D8-1C39AF4B477C}.Debug|iPhoneSimulator.ActiveCfg = Debug|Any CPU
		{87FEC3B8-294A-4CD2-A1D8-1C39AF4B477C}.Debug|iPhoneSimulator.Build.0 = Debug|Any CPU
		{87FEC3B8-294A-4CD2-A1D8-1C39AF4B477C}.Debug|x64.ActiveCfg = Debug|Any CPU
		{87FEC3B8-294A-4CD2-A1D8-1C39AF4B477C}.Debug|x64.Build.0 = Debug|Any CPU
		{87FEC3B8-294A-4CD2-A1D8-1C39AF4B477C}.Debug|x86.ActiveCfg = Debug|Any CPU
		{87FEC3B8-294A-4CD2-A1D8-1C39AF4B477C}.Debug|x86.Build.0 = Debug|Any CPU
		{87FEC3B8-294A-4CD2-A1D8-1C39AF4B477C}.Release|Any CPU.ActiveCfg = Release|Any CPU
		{87FEC3B8-294A-4CD2-A1D8-1C39AF4B477C}.Release|Any CPU.Build.0 = Release|Any CPU
		{87FEC3B8-294A-4CD2-A1D8-1C39AF4B477C}.Release|ARM.ActiveCfg = Release|Any CPU
		{87FEC3B8-294A-4CD2-A1D8-1C39AF4B477C}.Release|ARM.Build.0 = Release|Any CPU
		{87FEC3B8-294A-4CD2-A1D8-1C39AF4B477C}.Release|iPhone.ActiveCfg = Release|Any CPU
		{87FEC3B8-294A-4CD2-A1D8-1C39AF4B477C}.Release|iPhone.Build.0 = Release|Any CPU
		{87FEC3B8-294A-4CD2-A1D8-1C39AF4B477C}.Release|iPhoneSimulator.ActiveCfg = Release|Any CPU
		{87FEC3B8-294A-4CD2-A1D8-1C39AF4B477C}.Release|iPhoneSimulator.Build.0 = Release|Any CPU
		{87FEC3B8-294A-4CD2-A1D8-1C39AF4B477C}.Release|x64.ActiveCfg = Release|Any CPU
		{87FEC3B8-294A-4CD2-A1D8-1C39AF4B477C}.Release|x64.Build.0 = Release|Any CPU
		{87FEC3B8-294A-4CD2-A1D8-1C39AF4B477C}.Release|x86.ActiveCfg = Release|Any CPU
		{87FEC3B8-294A-4CD2-A1D8-1C39AF4B477C}.Release|x86.Build.0 = Release|Any CPU
		{FEEF7EDD-5179-4FD0-85AB-DF5DC112C5C6}.Ad-Hoc|Any CPU.ActiveCfg = Release|Any CPU
		{FEEF7EDD-5179-4FD0-85AB-DF5DC112C5C6}.Ad-Hoc|Any CPU.Build.0 = Release|Any CPU
		{FEEF7EDD-5179-4FD0-85AB-DF5DC112C5C6}.Ad-Hoc|Any CPU.Deploy.0 = Release|Any CPU
		{FEEF7EDD-5179-4FD0-85AB-DF5DC112C5C6}.Ad-Hoc|ARM.ActiveCfg = Release|Any CPU
		{FEEF7EDD-5179-4FD0-85AB-DF5DC112C5C6}.Ad-Hoc|ARM.Build.0 = Release|Any CPU
		{FEEF7EDD-5179-4FD0-85AB-DF5DC112C5C6}.Ad-Hoc|ARM.Deploy.0 = Release|Any CPU
		{FEEF7EDD-5179-4FD0-85AB-DF5DC112C5C6}.Ad-Hoc|iPhone.ActiveCfg = Release|Any CPU
		{FEEF7EDD-5179-4FD0-85AB-DF5DC112C5C6}.Ad-Hoc|iPhone.Build.0 = Release|Any CPU
		{FEEF7EDD-5179-4FD0-85AB-DF5DC112C5C6}.Ad-Hoc|iPhone.Deploy.0 = Release|Any CPU
		{FEEF7EDD-5179-4FD0-85AB-DF5DC112C5C6}.Ad-Hoc|iPhoneSimulator.ActiveCfg = Release|Any CPU
		{FEEF7EDD-5179-4FD0-85AB-DF5DC112C5C6}.Ad-Hoc|iPhoneSimulator.Build.0 = Release|Any CPU
		{FEEF7EDD-5179-4FD0-85AB-DF5DC112C5C6}.Ad-Hoc|iPhoneSimulator.Deploy.0 = Release|Any CPU
		{FEEF7EDD-5179-4FD0-85AB-DF5DC112C5C6}.Ad-Hoc|x64.ActiveCfg = Release|Any CPU
		{FEEF7EDD-5179-4FD0-85AB-DF5DC112C5C6}.Ad-Hoc|x64.Build.0 = Release|Any CPU
		{FEEF7EDD-5179-4FD0-85AB-DF5DC112C5C6}.Ad-Hoc|x64.Deploy.0 = Release|Any CPU
		{FEEF7EDD-5179-4FD0-85AB-DF5DC112C5C6}.Ad-Hoc|x86.ActiveCfg = Release|Any CPU
		{FEEF7EDD-5179-4FD0-85AB-DF5DC112C5C6}.Ad-Hoc|x86.Build.0 = Release|Any CPU
		{FEEF7EDD-5179-4FD0-85AB-DF5DC112C5C6}.Ad-Hoc|x86.Deploy.0 = Release|Any CPU
		{FEEF7EDD-5179-4FD0-85AB-DF5DC112C5C6}.AppStore|Any CPU.ActiveCfg = Release|Any CPU
		{FEEF7EDD-5179-4FD0-85AB-DF5DC112C5C6}.AppStore|Any CPU.Build.0 = Release|Any CPU
		{FEEF7EDD-5179-4FD0-85AB-DF5DC112C5C6}.AppStore|Any CPU.Deploy.0 = Release|Any CPU
		{FEEF7EDD-5179-4FD0-85AB-DF5DC112C5C6}.AppStore|ARM.ActiveCfg = Release|Any CPU
		{FEEF7EDD-5179-4FD0-85AB-DF5DC112C5C6}.AppStore|ARM.Build.0 = Release|Any CPU
		{FEEF7EDD-5179-4FD0-85AB-DF5DC112C5C6}.AppStore|ARM.Deploy.0 = Release|Any CPU
		{FEEF7EDD-5179-4FD0-85AB-DF5DC112C5C6}.AppStore|iPhone.ActiveCfg = Release|Any CPU
		{FEEF7EDD-5179-4FD0-85AB-DF5DC112C5C6}.AppStore|iPhone.Build.0 = Release|Any CPU
		{FEEF7EDD-5179-4FD0-85AB-DF5DC112C5C6}.AppStore|iPhone.Deploy.0 = Release|Any CPU
		{FEEF7EDD-5179-4FD0-85AB-DF5DC112C5C6}.AppStore|iPhoneSimulator.ActiveCfg = Release|Any CPU
		{FEEF7EDD-5179-4FD0-85AB-DF5DC112C5C6}.AppStore|iPhoneSimulator.Build.0 = Release|Any CPU
		{FEEF7EDD-5179-4FD0-85AB-DF5DC112C5C6}.AppStore|iPhoneSimulator.Deploy.0 = Release|Any CPU
		{FEEF7EDD-5179-4FD0-85AB-DF5DC112C5C6}.AppStore|x64.ActiveCfg = Release|Any CPU
		{FEEF7EDD-5179-4FD0-85AB-DF5DC112C5C6}.AppStore|x64.Build.0 = Release|Any CPU
		{FEEF7EDD-5179-4FD0-85AB-DF5DC112C5C6}.AppStore|x64.Deploy.0 = Release|Any CPU
		{FEEF7EDD-5179-4FD0-85AB-DF5DC112C5C6}.AppStore|x86.ActiveCfg = Release|Any CPU
		{FEEF7EDD-5179-4FD0-85AB-DF5DC112C5C6}.AppStore|x86.Build.0 = Release|Any CPU
		{FEEF7EDD-5179-4FD0-85AB-DF5DC112C5C6}.AppStore|x86.Deploy.0 = Release|Any CPU
		{FEEF7EDD-5179-4FD0-85AB-DF5DC112C5C6}.Debug|Any CPU.ActiveCfg = Debug|Any CPU
		{FEEF7EDD-5179-4FD0-85AB-DF5DC112C5C6}.Debug|Any CPU.Build.0 = Debug|Any CPU
		{FEEF7EDD-5179-4FD0-85AB-DF5DC112C5C6}.Debug|Any CPU.Deploy.0 = Debug|Any CPU
		{FEEF7EDD-5179-4FD0-85AB-DF5DC112C5C6}.Debug|ARM.ActiveCfg = Debug|Any CPU
		{FEEF7EDD-5179-4FD0-85AB-DF5DC112C5C6}.Debug|ARM.Build.0 = Debug|Any CPU
		{FEEF7EDD-5179-4FD0-85AB-DF5DC112C5C6}.Debug|ARM.Deploy.0 = Debug|Any CPU
		{FEEF7EDD-5179-4FD0-85AB-DF5DC112C5C6}.Debug|iPhone.ActiveCfg = Debug|Any CPU
		{FEEF7EDD-5179-4FD0-85AB-DF5DC112C5C6}.Debug|iPhone.Build.0 = Debug|Any CPU
		{FEEF7EDD-5179-4FD0-85AB-DF5DC112C5C6}.Debug|iPhone.Deploy.0 = Debug|Any CPU
		{FEEF7EDD-5179-4FD0-85AB-DF5DC112C5C6}.Debug|iPhoneSimulator.ActiveCfg = Debug|Any CPU
		{FEEF7EDD-5179-4FD0-85AB-DF5DC112C5C6}.Debug|iPhoneSimulator.Build.0 = Debug|Any CPU
		{FEEF7EDD-5179-4FD0-85AB-DF5DC112C5C6}.Debug|iPhoneSimulator.Deploy.0 = Debug|Any CPU
		{FEEF7EDD-5179-4FD0-85AB-DF5DC112C5C6}.Debug|x64.ActiveCfg = Debug|Any CPU
		{FEEF7EDD-5179-4FD0-85AB-DF5DC112C5C6}.Debug|x64.Build.0 = Debug|Any CPU
		{FEEF7EDD-5179-4FD0-85AB-DF5DC112C5C6}.Debug|x64.Deploy.0 = Debug|Any CPU
		{FEEF7EDD-5179-4FD0-85AB-DF5DC112C5C6}.Debug|x86.ActiveCfg = Debug|Any CPU
		{FEEF7EDD-5179-4FD0-85AB-DF5DC112C5C6}.Debug|x86.Build.0 = Debug|Any CPU
		{FEEF7EDD-5179-4FD0-85AB-DF5DC112C5C6}.Debug|x86.Deploy.0 = Debug|Any CPU
		{FEEF7EDD-5179-4FD0-85AB-DF5DC112C5C6}.Release|Any CPU.ActiveCfg = Release|Any CPU
		{FEEF7EDD-5179-4FD0-85AB-DF5DC112C5C6}.Release|Any CPU.Build.0 = Release|Any CPU
		{FEEF7EDD-5179-4FD0-85AB-DF5DC112C5C6}.Release|Any CPU.Deploy.0 = Release|Any CPU
		{FEEF7EDD-5179-4FD0-85AB-DF5DC112C5C6}.Release|ARM.ActiveCfg = Release|Any CPU
		{FEEF7EDD-5179-4FD0-85AB-DF5DC112C5C6}.Release|ARM.Build.0 = Release|Any CPU
		{FEEF7EDD-5179-4FD0-85AB-DF5DC112C5C6}.Release|ARM.Deploy.0 = Release|Any CPU
		{FEEF7EDD-5179-4FD0-85AB-DF5DC112C5C6}.Release|iPhone.ActiveCfg = Release|Any CPU
		{FEEF7EDD-5179-4FD0-85AB-DF5DC112C5C6}.Release|iPhone.Build.0 = Release|Any CPU
		{FEEF7EDD-5179-4FD0-85AB-DF5DC112C5C6}.Release|iPhone.Deploy.0 = Release|Any CPU
		{FEEF7EDD-5179-4FD0-85AB-DF5DC112C5C6}.Release|iPhoneSimulator.ActiveCfg = Release|Any CPU
		{FEEF7EDD-5179-4FD0-85AB-DF5DC112C5C6}.Release|iPhoneSimulator.Build.0 = Release|Any CPU
		{FEEF7EDD-5179-4FD0-85AB-DF5DC112C5C6}.Release|iPhoneSimulator.Deploy.0 = Release|Any CPU
		{FEEF7EDD-5179-4FD0-85AB-DF5DC112C5C6}.Release|x64.ActiveCfg = Release|Any CPU
		{FEEF7EDD-5179-4FD0-85AB-DF5DC112C5C6}.Release|x64.Build.0 = Release|Any CPU
		{FEEF7EDD-5179-4FD0-85AB-DF5DC112C5C6}.Release|x64.Deploy.0 = Release|Any CPU
		{FEEF7EDD-5179-4FD0-85AB-DF5DC112C5C6}.Release|x86.ActiveCfg = Release|Any CPU
		{FEEF7EDD-5179-4FD0-85AB-DF5DC112C5C6}.Release|x86.Build.0 = Release|Any CPU
		{FEEF7EDD-5179-4FD0-85AB-DF5DC112C5C6}.Release|x86.Deploy.0 = Release|Any CPU
		{91141199-A2C0-4CA8-B4C4-45648C294420}.Ad-Hoc|Any CPU.ActiveCfg = Ad-Hoc|iPhone
		{91141199-A2C0-4CA8-B4C4-45648C294420}.Ad-Hoc|ARM.ActiveCfg = Ad-Hoc|iPhone
		{91141199-A2C0-4CA8-B4C4-45648C294420}.Ad-Hoc|iPhone.ActiveCfg = Ad-Hoc|iPhone
		{91141199-A2C0-4CA8-B4C4-45648C294420}.Ad-Hoc|iPhone.Build.0 = Ad-Hoc|iPhone
		{91141199-A2C0-4CA8-B4C4-45648C294420}.Ad-Hoc|iPhoneSimulator.ActiveCfg = Ad-Hoc|iPhoneSimulator
		{91141199-A2C0-4CA8-B4C4-45648C294420}.Ad-Hoc|iPhoneSimulator.Build.0 = Ad-Hoc|iPhoneSimulator
		{91141199-A2C0-4CA8-B4C4-45648C294420}.Ad-Hoc|x64.ActiveCfg = Ad-Hoc|iPhone
		{91141199-A2C0-4CA8-B4C4-45648C294420}.Ad-Hoc|x86.ActiveCfg = Ad-Hoc|iPhone
		{91141199-A2C0-4CA8-B4C4-45648C294420}.AppStore|Any CPU.ActiveCfg = AppStore|iPhone
		{91141199-A2C0-4CA8-B4C4-45648C294420}.AppStore|ARM.ActiveCfg = AppStore|iPhone
		{91141199-A2C0-4CA8-B4C4-45648C294420}.AppStore|iPhone.ActiveCfg = AppStore|iPhone
		{91141199-A2C0-4CA8-B4C4-45648C294420}.AppStore|iPhone.Build.0 = AppStore|iPhone
		{91141199-A2C0-4CA8-B4C4-45648C294420}.AppStore|iPhoneSimulator.ActiveCfg = AppStore|iPhoneSimulator
		{91141199-A2C0-4CA8-B4C4-45648C294420}.AppStore|iPhoneSimulator.Build.0 = AppStore|iPhoneSimulator
		{91141199-A2C0-4CA8-B4C4-45648C294420}.AppStore|x64.ActiveCfg = AppStore|iPhone
		{91141199-A2C0-4CA8-B4C4-45648C294420}.AppStore|x86.ActiveCfg = AppStore|iPhone
		{91141199-A2C0-4CA8-B4C4-45648C294420}.Debug|Any CPU.ActiveCfg = Debug|iPhone
		{91141199-A2C0-4CA8-B4C4-45648C294420}.Debug|ARM.ActiveCfg = Debug|iPhone
		{91141199-A2C0-4CA8-B4C4-45648C294420}.Debug|iPhone.ActiveCfg = Debug|iPhone
		{91141199-A2C0-4CA8-B4C4-45648C294420}.Debug|iPhone.Build.0 = Debug|iPhone
		{91141199-A2C0-4CA8-B4C4-45648C294420}.Debug|iPhoneSimulator.ActiveCfg = Debug|iPhoneSimulator
		{91141199-A2C0-4CA8-B4C4-45648C294420}.Debug|iPhoneSimulator.Build.0 = Debug|iPhoneSimulator
		{91141199-A2C0-4CA8-B4C4-45648C294420}.Debug|x64.ActiveCfg = Debug|iPhone
		{91141199-A2C0-4CA8-B4C4-45648C294420}.Debug|x86.ActiveCfg = Debug|iPhone
		{91141199-A2C0-4CA8-B4C4-45648C294420}.Release|Any CPU.ActiveCfg = Release|iPhone
		{91141199-A2C0-4CA8-B4C4-45648C294420}.Release|ARM.ActiveCfg = Release|iPhone
		{91141199-A2C0-4CA8-B4C4-45648C294420}.Release|iPhone.ActiveCfg = Release|iPhone
		{91141199-A2C0-4CA8-B4C4-45648C294420}.Release|iPhone.Build.0 = Release|iPhone
		{91141199-A2C0-4CA8-B4C4-45648C294420}.Release|iPhoneSimulator.ActiveCfg = Release|iPhoneSimulator
		{91141199-A2C0-4CA8-B4C4-45648C294420}.Release|iPhoneSimulator.Build.0 = Release|iPhoneSimulator
		{91141199-A2C0-4CA8-B4C4-45648C294420}.Release|x64.ActiveCfg = Release|iPhone
		{91141199-A2C0-4CA8-B4C4-45648C294420}.Release|x86.ActiveCfg = Release|iPhone
		{6FE54C99-8F69-4184-BA9B-797E8196471A}.Ad-Hoc|Any CPU.ActiveCfg = Release|x86
		{6FE54C99-8F69-4184-BA9B-797E8196471A}.Ad-Hoc|Any CPU.Build.0 = Release|x86
		{6FE54C99-8F69-4184-BA9B-797E8196471A}.Ad-Hoc|Any CPU.Deploy.0 = Release|x86
		{6FE54C99-8F69-4184-BA9B-797E8196471A}.Ad-Hoc|ARM.ActiveCfg = Release|ARM
		{6FE54C99-8F69-4184-BA9B-797E8196471A}.Ad-Hoc|ARM.Build.0 = Release|ARM
		{6FE54C99-8F69-4184-BA9B-797E8196471A}.Ad-Hoc|ARM.Deploy.0 = Release|ARM
		{6FE54C99-8F69-4184-BA9B-797E8196471A}.Ad-Hoc|iPhone.ActiveCfg = Release|x86
		{6FE54C99-8F69-4184-BA9B-797E8196471A}.Ad-Hoc|iPhone.Build.0 = Release|x86
		{6FE54C99-8F69-4184-BA9B-797E8196471A}.Ad-Hoc|iPhone.Deploy.0 = Release|x86
		{6FE54C99-8F69-4184-BA9B-797E8196471A}.Ad-Hoc|iPhoneSimulator.ActiveCfg = Release|x86
		{6FE54C99-8F69-4184-BA9B-797E8196471A}.Ad-Hoc|iPhoneSimulator.Build.0 = Release|x86
		{6FE54C99-8F69-4184-BA9B-797E8196471A}.Ad-Hoc|iPhoneSimulator.Deploy.0 = Release|x86
		{6FE54C99-8F69-4184-BA9B-797E8196471A}.Ad-Hoc|x64.ActiveCfg = Release|x64
		{6FE54C99-8F69-4184-BA9B-797E8196471A}.Ad-Hoc|x64.Build.0 = Release|x64
		{6FE54C99-8F69-4184-BA9B-797E8196471A}.Ad-Hoc|x64.Deploy.0 = Release|x64
		{6FE54C99-8F69-4184-BA9B-797E8196471A}.Ad-Hoc|x86.ActiveCfg = Release|x86
		{6FE54C99-8F69-4184-BA9B-797E8196471A}.Ad-Hoc|x86.Build.0 = Release|x86
		{6FE54C99-8F69-4184-BA9B-797E8196471A}.Ad-Hoc|x86.Deploy.0 = Release|x86
		{6FE54C99-8F69-4184-BA9B-797E8196471A}.AppStore|Any CPU.ActiveCfg = Release|x86
		{6FE54C99-8F69-4184-BA9B-797E8196471A}.AppStore|Any CPU.Build.0 = Release|x86
		{6FE54C99-8F69-4184-BA9B-797E8196471A}.AppStore|Any CPU.Deploy.0 = Release|x86
		{6FE54C99-8F69-4184-BA9B-797E8196471A}.AppStore|ARM.ActiveCfg = Release|ARM
		{6FE54C99-8F69-4184-BA9B-797E8196471A}.AppStore|ARM.Build.0 = Release|ARM
		{6FE54C99-8F69-4184-BA9B-797E8196471A}.AppStore|ARM.Deploy.0 = Release|ARM
		{6FE54C99-8F69-4184-BA9B-797E8196471A}.AppStore|iPhone.ActiveCfg = Release|x86
		{6FE54C99-8F69-4184-BA9B-797E8196471A}.AppStore|iPhone.Build.0 = Release|x86
		{6FE54C99-8F69-4184-BA9B-797E8196471A}.AppStore|iPhone.Deploy.0 = Release|x86
		{6FE54C99-8F69-4184-BA9B-797E8196471A}.AppStore|iPhoneSimulator.ActiveCfg = Release|x86
		{6FE54C99-8F69-4184-BA9B-797E8196471A}.AppStore|iPhoneSimulator.Build.0 = Release|x86
		{6FE54C99-8F69-4184-BA9B-797E8196471A}.AppStore|iPhoneSimulator.Deploy.0 = Release|x86
		{6FE54C99-8F69-4184-BA9B-797E8196471A}.AppStore|x64.ActiveCfg = Release|x64
		{6FE54C99-8F69-4184-BA9B-797E8196471A}.AppStore|x64.Build.0 = Release|x64
		{6FE54C99-8F69-4184-BA9B-797E8196471A}.AppStore|x64.Deploy.0 = Release|x64
		{6FE54C99-8F69-4184-BA9B-797E8196471A}.AppStore|x86.ActiveCfg = Release|x86
		{6FE54C99-8F69-4184-BA9B-797E8196471A}.AppStore|x86.Build.0 = Release|x86
		{6FE54C99-8F69-4184-BA9B-797E8196471A}.AppStore|x86.Deploy.0 = Release|x86
		{6FE54C99-8F69-4184-BA9B-797E8196471A}.Debug|Any CPU.ActiveCfg = Debug|x86
		{6FE54C99-8F69-4184-BA9B-797E8196471A}.Debug|ARM.ActiveCfg = Debug|ARM
		{6FE54C99-8F69-4184-BA9B-797E8196471A}.Debug|ARM.Build.0 = Debug|ARM
		{6FE54C99-8F69-4184-BA9B-797E8196471A}.Debug|ARM.Deploy.0 = Debug|ARM
		{6FE54C99-8F69-4184-BA9B-797E8196471A}.Debug|iPhone.ActiveCfg = Debug|x86
		{6FE54C99-8F69-4184-BA9B-797E8196471A}.Debug|iPhoneSimulator.ActiveCfg = Debug|x86
		{6FE54C99-8F69-4184-BA9B-797E8196471A}.Debug|x64.ActiveCfg = Debug|x64
		{6FE54C99-8F69-4184-BA9B-797E8196471A}.Debug|x64.Build.0 = Debug|x64
		{6FE54C99-8F69-4184-BA9B-797E8196471A}.Debug|x64.Deploy.0 = Debug|x64
		{6FE54C99-8F69-4184-BA9B-797E8196471A}.Debug|x86.ActiveCfg = Debug|x86
		{6FE54C99-8F69-4184-BA9B-797E8196471A}.Debug|x86.Build.0 = Debug|x86
		{6FE54C99-8F69-4184-BA9B-797E8196471A}.Debug|x86.Deploy.0 = Debug|x86
		{6FE54C99-8F69-4184-BA9B-797E8196471A}.Release|Any CPU.ActiveCfg = Release|x86
		{6FE54C99-8F69-4184-BA9B-797E8196471A}.Release|ARM.ActiveCfg = Release|ARM
		{6FE54C99-8F69-4184-BA9B-797E8196471A}.Release|ARM.Build.0 = Release|ARM
		{6FE54C99-8F69-4184-BA9B-797E8196471A}.Release|ARM.Deploy.0 = Release|ARM
		{6FE54C99-8F69-4184-BA9B-797E8196471A}.Release|iPhone.ActiveCfg = Release|x86
		{6FE54C99-8F69-4184-BA9B-797E8196471A}.Release|iPhoneSimulator.ActiveCfg = Release|x86
		{6FE54C99-8F69-4184-BA9B-797E8196471A}.Release|x64.ActiveCfg = Release|x64
		{6FE54C99-8F69-4184-BA9B-797E8196471A}.Release|x64.Build.0 = Release|x64
		{6FE54C99-8F69-4184-BA9B-797E8196471A}.Release|x64.Deploy.0 = Release|x64
		{6FE54C99-8F69-4184-BA9B-797E8196471A}.Release|x86.ActiveCfg = Release|x86
		{6FE54C99-8F69-4184-BA9B-797E8196471A}.Release|x86.Build.0 = Release|x86
		{6FE54C99-8F69-4184-BA9B-797E8196471A}.Release|x86.Deploy.0 = Release|x86
	EndGlobalSection
	GlobalSection(SolutionProperties) = preSolution
		HideSolutionNode = FALSE
	EndGlobalSection
	GlobalSection(ExtensibilityGlobals) = postSolution
		SolutionGuid = {991AD88C-EF05-4567-961B-906E8FDE98BA}
	EndGlobalSection
EndGlobal
